
Microsoft Visual Studio Solution File, Format Version 12.00
# Visual Studio Version 16
VisualStudioVersion = 16.0.30114.105
MinimumVisualStudioVersion = 10.0.40219.1
Project("{2150E333-8FDC-42A3-9474-1A3956D46DE8}") = "src", "src", "{3700C1F0-9C61-4CE1-87DA-AA1C77CED102}"
EndProject
Project("{9A19103F-16F7-4668-BE54-9A1E7A4F7556}") = "Examen2.Server", "src\Server\Examen2.Server.csproj", "{72746EF5-02CA-4EB1-ACB2-42091FBF5209}"
EndProject
Project("{9A19103F-16F7-4668-BE54-9A1E7A4F7556}") = "Examen2.Domain", "src\Domain\Examen2.Domain.csproj", "{A6EBB55A-5F25-46B1-8243-1DF6C12F1C23}"
EndProject
Project("{9A19103F-16F7-4668-BE54-9A1E7A4F7556}") = "Examen2.Application", "src\Application\Examen2.Application.csproj", "{28D8EB51-FFDA-40FD-B19F-C2B48ADFB59C}"
EndProject
Project("{9A19103F-16F7-4668-BE54-9A1E7A4F7556}") = "Examen2.Infrastructure", "src\Infrastructure\Examen2.Infrastructure.csproj", "{D5D3E67B-C281-455B-931D-3C7909563783}"
EndProject
Project("{9A19103F-16F7-4668-BE54-9A1E7A4F7556}") = "Examen2.Presentation", "src\Presentation\Examen2.Presentation.csproj", "{3F465403-879F-4F70-948C-281427D56B8D}"
EndProject
Project("{00D1A9C2-B5F0-4AF3-8072-F6C62B433612}") = "Examen2.DataBase", "src\Examen2.DataBase\Examen2.DataBase.sqlproj", "{59EF0922-1BB9-4452-980D-D6005BC4D0C7}"
EndProject
Global
	GlobalSection(SolutionConfigurationPlatforms) = preSolution
		Debug|Any CPU = Debug|Any CPU
		Debug|x64 = Debug|x64
		Debug|x86 = Debug|x86
		Release|Any CPU = Release|Any CPU
		Release|x64 = Release|x64
		Release|x86 = Release|x86
	EndGlobalSection
	GlobalSection(ProjectConfigurationPlatforms) = postSolution
		{72746EF5-02CA-4EB1-ACB2-42091FBF5209}.Debug|Any CPU.ActiveCfg = Debug|Any CPU
		{72746EF5-02CA-4EB1-ACB2-42091FBF5209}.Debug|Any CPU.Build.0 = Debug|Any CPU
		{72746EF5-02CA-4EB1-ACB2-42091FBF5209}.Debug|x64.ActiveCfg = Debug|Any CPU
		{72746EF5-02CA-4EB1-ACB2-42091FBF5209}.Debug|x64.Build.0 = Debug|Any CPU
		{72746EF5-02CA-4EB1-ACB2-42091FBF5209}.Debug|x86.ActiveCfg = Debug|Any CPU
		{72746EF5-02CA-4EB1-ACB2-42091FBF5209}.Debug|x86.Build.0 = Debug|Any CPU
		{72746EF5-02CA-4EB1-ACB2-42091FBF5209}.Release|Any CPU.ActiveCfg = Release|Any CPU
		{72746EF5-02CA-4EB1-ACB2-42091FBF5209}.Release|Any CPU.Build.0 = Release|Any CPU
		{72746EF5-02CA-4EB1-ACB2-42091FBF5209}.Release|x64.ActiveCfg = Release|Any CPU
		{72746EF5-02CA-4EB1-ACB2-42091FBF5209}.Release|x64.Build.0 = Release|Any CPU
		{72746EF5-02CA-4EB1-ACB2-42091FBF5209}.Release|x86.ActiveCfg = Release|Any CPU
		{72746EF5-02CA-4EB1-ACB2-42091FBF5209}.Release|x86.Build.0 = Release|Any CPU
		{A6EBB55A-5F25-46B1-8243-1DF6C12F1C23}.Debug|Any CPU.ActiveCfg = Debug|Any CPU
		{A6EBB55A-5F25-46B1-8243-1DF6C12F1C23}.Debug|Any CPU.Build.0 = Debug|Any CPU
		{A6EBB55A-5F25-46B1-8243-1DF6C12F1C23}.Debug|x64.ActiveCfg = Debug|Any CPU
		{A6EBB55A-5F25-46B1-8243-1DF6C12F1C23}.Debug|x64.Build.0 = Debug|Any CPU
		{A6EBB55A-5F25-46B1-8243-1DF6C12F1C23}.Debug|x86.ActiveCfg = Debug|Any CPU
		{A6EBB55A-5F25-46B1-8243-1DF6C12F1C23}.Debug|x86.Build.0 = Debug|Any CPU
		{A6EBB55A-5F25-46B1-8243-1DF6C12F1C23}.Release|Any CPU.ActiveCfg = Release|Any CPU
		{A6EBB55A-5F25-46B1-8243-1DF6C12F1C23}.Release|Any CPU.Build.0 = Release|Any CPU
		{A6EBB55A-5F25-46B1-8243-1DF6C12F1C23}.Release|x64.ActiveCfg = Release|Any CPU
		{A6EBB55A-5F25-46B1-8243-1DF6C12F1C23}.Release|x64.Build.0 = Release|Any CPU
		{A6EBB55A-5F25-46B1-8243-1DF6C12F1C23}.Release|x86.ActiveCfg = Release|Any CPU
		{A6EBB55A-5F25-46B1-8243-1DF6C12F1C23}.Release|x86.Build.0 = Release|Any CPU
		{28D8EB51-FFDA-40FD-B19F-C2B48ADFB59C}.Debug|Any CPU.ActiveCfg = Debug|Any CPU
		{28D8EB51-FFDA-40FD-B19F-C2B48ADFB59C}.Debug|Any CPU.Build.0 = Debug|Any CPU
		{28D8EB51-FFDA-40FD-B19F-C2B48ADFB59C}.Debug|x64.ActiveCfg = Debug|Any CPU
		{28D8EB51-FFDA-40FD-B19F-C2B48ADFB59C}.Debug|x64.Build.0 = Debug|Any CPU
		{28D8EB51-FFDA-40FD-B19F-C2B48ADFB59C}.Debug|x86.ActiveCfg = Debug|Any CPU
		{28D8EB51-FFDA-40FD-B19F-C2B48ADFB59C}.Debug|x86.Build.0 = Debug|Any CPU
		{28D8EB51-FFDA-40FD-B19F-C2B48ADFB59C}.Release|Any CPU.ActiveCfg = Release|Any CPU
		{28D8EB51-FFDA-40FD-B19F-C2B48ADFB59C}.Release|Any CPU.Build.0 = Release|Any CPU
		{28D8EB51-FFDA-40FD-B19F-C2B48ADFB59C}.Release|x64.ActiveCfg = Release|Any CPU
		{28D8EB51-FFDA-40FD-B19F-C2B48ADFB59C}.Release|x64.Build.0 = Release|Any CPU
		{28D8EB51-FFDA-40FD-B19F-C2B48ADFB59C}.Release|x86.ActiveCfg = Release|Any CPU
		{28D8EB51-FFDA-40FD-B19F-C2B48ADFB59C}.Release|x86.Build.0 = Release|Any CPU
		{D5D3E67B-C281-455B-931D-3C7909563783}.Debug|Any CPU.ActiveCfg = Debug|Any CPU
		{D5D3E67B-C281-455B-931D-3C7909563783}.Debug|Any CPU.Build.0 = Debug|Any CPU
		{D5D3E67B-C281-455B-931D-3C7909563783}.Debug|x64.ActiveCfg = Debug|Any CPU
		{D5D3E67B-C281-455B-931D-3C7909563783}.Debug|x64.Build.0 = Debug|Any CPU
		{D5D3E67B-C281-455B-931D-3C7909563783}.Debug|x86.ActiveCfg = Debug|Any CPU
		{D5D3E67B-C281-455B-931D-3C7909563783}.Debug|x86.Build.0 = Debug|Any CPU
		{D5D3E67B-C281-455B-931D-3C7909563783}.Release|Any CPU.ActiveCfg = Release|Any CPU
		{D5D3E67B-C281-455B-931D-3C7909563783}.Release|Any CPU.Build.0 = Release|Any CPU
		{D5D3E67B-C281-455B-931D-3C7909563783}.Release|x64.ActiveCfg = Release|Any CPU
		{D5D3E67B-C281-455B-931D-3C7909563783}.Release|x64.Build.0 = Release|Any CPU
		{D5D3E67B-C281-455B-931D-3C7909563783}.Release|x86.ActiveCfg = Release|Any CPU
		{D5D3E67B-C281-455B-931D-3C7909563783}.Release|x86.Build.0 = Release|Any CPU
		{3F465403-879F-4F70-948C-281427D56B8D}.Debug|Any CPU.ActiveCfg = Debug|Any CPU
		{3F465403-879F-4F70-948C-281427D56B8D}.Debug|Any CPU.Build.0 = Debug|Any CPU
		{3F465403-879F-4F70-948C-281427D56B8D}.Debug|x64.ActiveCfg = Debug|Any CPU
		{3F465403-879F-4F70-948C-281427D56B8D}.Debug|x64.Build.0 = Debug|Any CPU
		{3F465403-879F-4F70-948C-281427D56B8D}.Debug|x86.ActiveCfg = Debug|Any CPU
		{3F465403-879F-4F70-948C-281427D56B8D}.Debug|x86.Build.0 = Debug|Any CPU
		{3F465403-879F-4F70-948C-281427D56B8D}.Release|Any CPU.ActiveCfg = Release|Any CPU
		{3F465403-879F-4F70-948C-281427D56B8D}.Release|Any CPU.Build.0 = Release|Any CPU
		{3F465403-879F-4F70-948C-281427D56B8D}.Release|x64.ActiveCfg = Release|Any CPU
		{3F465403-879F-4F70-948C-281427D56B8D}.Release|x64.Build.0 = Release|Any CPU
		{3F465403-879F-4F70-948C-281427D56B8D}.Release|x86.ActiveCfg = Release|Any CPU
		{3F465403-879F-4F70-948C-281427D56B8D}.Release|x86.Build.0 = Release|Any CPU
		{59EF0922-1BB9-4452-980D-D6005BC4D0C7}.Debug|Any CPU.ActiveCfg = Debug|Any CPU
		{59EF0922-1BB9-4452-980D-D6005BC4D0C7}.Debug|Any CPU.Build.0 = Debug|Any CPU
		{59EF0922-1BB9-4452-980D-D6005BC4D0C7}.Debug|Any CPU.Deploy.0 = Debug|Any CPU
		{59EF0922-1BB9-4452-980D-D6005BC4D0C7}.Debug|x64.ActiveCfg = Debug|Any CPU
		{59EF0922-1BB9-4452-980D-D6005BC4D0C7}.Debug|x64.Build.0 = Debug|Any CPU
		{59EF0922-1BB9-4452-980D-D6005BC4D0C7}.Debug|x64.Deploy.0 = Debug|Any CPU
		{59EF0922-1BB9-4452-980D-D6005BC4D0C7}.Debug|x86.ActiveCfg = Debug|Any CPU
		{59EF0922-1BB9-4452-980D-D6005BC4D0C7}.Debug|x86.Build.0 = Debug|Any CPU
		{59EF0922-1BB9-4452-980D-D6005BC4D0C7}.Debug|x86.Deploy.0 = Debug|Any CPU
		{59EF0922-1BB9-4452-980D-D6005BC4D0C7}.Release|Any CPU.ActiveCfg = Release|Any CPU
		{59EF0922-1BB9-4452-980D-D6005BC4D0C7}.Release|Any CPU.Build.0 = Release|Any CPU
		{59EF0922-1BB9-4452-980D-D6005BC4D0C7}.Release|Any CPU.Deploy.0 = Release|Any CPU
		{59EF0922-1BB9-4452-980D-D6005BC4D0C7}.Release|x64.ActiveCfg = Release|Any CPU
		{59EF0922-1BB9-4452-980D-D6005BC4D0C7}.Release|x64.Build.0 = Release|Any CPU
		{59EF0922-1BB9-4452-980D-D6005BC4D0C7}.Release|x64.Deploy.0 = Release|Any CPU
		{59EF0922-1BB9-4452-980D-D6005BC4D0C7}.Release|x86.ActiveCfg = Release|Any CPU
		{59EF0922-1BB9-4452-980D-D6005BC4D0C7}.Release|x86.Build.0 = Release|Any CPU
		{59EF0922-1BB9-4452-980D-D6005BC4D0C7}.Release|x86.Deploy.0 = Release|Any CPU
	EndGlobalSection
	GlobalSection(SolutionProperties) = preSolution
		HideSolutionNode = FALSE
	EndGlobalSection
	GlobalSection(NestedProjects) = preSolution
		{72746EF5-02CA-4EB1-ACB2-42091FBF5209} = {3700C1F0-9C61-4CE1-87DA-AA1C77CED102}
		{A6EBB55A-5F25-46B1-8243-1DF6C12F1C23} = {3700C1F0-9C61-4CE1-87DA-AA1C77CED102}
		{28D8EB51-FFDA-40FD-B19F-C2B48ADFB59C} = {3700C1F0-9C61-4CE1-87DA-AA1C77CED102}
		{D5D3E67B-C281-455B-931D-3C7909563783} = {3700C1F0-9C61-4CE1-87DA-AA1C77CED102}
		{3F465403-879F-4F70-948C-281427D56B8D} = {3700C1F0-9C61-4CE1-87DA-AA1C77CED102}
		{59EF0922-1BB9-4452-980D-D6005BC4D0C7} = {3700C1F0-9C61-4CE1-87DA-AA1C77CED102}
	EndGlobalSection
	GlobalSection(ExtensibilityGlobals) = postSolution
		SolutionGuid = {6B594A0F-4A11-421E-98BE-1FF5AB5FB11D}
	EndGlobalSection
EndGlobal
